
Microsoft Visual Studio Solution File, Format Version 12.00
# Visual Studio Version 17
VisualStudioVersion = 17.14.36623.8 d17.14
MinimumVisualStudioVersion = 10.0.40219.1
Project("{FAE04EC0-301F-11D3-BF4B-00C04F79EFBC}") = "DentalBooking.Gateway", "DentalBooking.Gateway.csproj", "{79420E88-3556-4BB6-9AA4-0B2C3992F252}"
EndProject
Global
	GlobalSection(SolutionConfigurationPlatforms) = preSolution
		Debug|Any CPU = Debug|Any CPU
		Release|Any CPU = Release|Any CPU
	EndGlobalSection
	GlobalSection(ProjectConfigurationPlatforms) = postSolution
		{79420E88-3556-4BB6-9AA4-0B2C3992F252}.Debug|Any CPU.ActiveCfg = Debug|Any CPU
		{79420E88-3556-4BB6-9AA4-0B2C3992F252}.Debug|Any CPU.Build.0 = Debug|Any CPU
		{79420E88-3556-4BB6-9AA4-0B2C3992F252}.Release|Any CPU.ActiveCfg = Release|Any CPU
		{79420E88-3556-4BB6-9AA4-0B2C3992F252}.Release|Any CPU.Build.0 = Release|Any CPU
	EndGlobalSection
	GlobalSection(SolutionProperties) = preSolution
		HideSolutionNode = FALSE
	EndGlobalSection
	GlobalSection(ExtensibilityGlobals) = postSolution
		SolutionGuid = {273E3568-090E-463E-84AC-AECA3B58B590}
	EndGlobalSection
EndGlobal
