
Microsoft Visual Studio Solution File, Format Version 12.00
# Visual Studio Version 17
VisualStudioVersion = 17.14.36623.8 d17.14
MinimumVisualStudioVersion = 10.0.40219.1
Project("{FAE04EC0-301F-11D3-BF4B-00C04F79EFBC}") = "DentalBooking.AuthService", "DentalBooking.AuthService.csproj", "{F47B27B5-AE92-4927-8770-F9098F4BEE3D}"
EndProject
Global
	GlobalSection(SolutionConfigurationPlatforms) = preSolution
		Debug|Any CPU = Debug|Any CPU
		Release|Any CPU = Release|Any CPU
	EndGlobalSection
	GlobalSection(ProjectConfigurationPlatforms) = postSolution
		{F47B27B5-AE92-4927-8770-F9098F4BEE3D}.Debug|Any CPU.ActiveCfg = Debug|Any CPU
		{F47B27B5-AE92-4927-8770-F9098F4BEE3D}.Debug|Any CPU.Build.0 = Debug|Any CPU
		{F47B27B5-AE92-4927-8770-F9098F4BEE3D}.Release|Any CPU.ActiveCfg = Release|Any CPU
		{F47B27B5-AE92-4927-8770-F9098F4BEE3D}.Release|Any CPU.Build.0 = Release|Any CPU
	EndGlobalSection
	GlobalSection(SolutionProperties) = preSolution
		HideSolutionNode = FALSE
	EndGlobalSection
	GlobalSection(ExtensibilityGlobals) = postSolution
		SolutionGuid = {CFE5865F-36B6-4973-A5E3-4E0159A58E09}
	EndGlobalSection
EndGlobal
